// !$*UTF8*$!
{
	archiveVersion = 1;
	classes = {
	};
	objectVersion = 55;
	objects = {

/* Begin PBXBuildFile section */
		815C683D28A866460041799C /* CarListingAppApp.swift in Sources */ = {isa = PBXBuildFile; fileRef = 815C683C28A866460041799C /* CarListingAppApp.swift */; };
		815C683F28A866460041799C /* ContentView.swift in Sources */ = {isa = PBXBuildFile; fileRef = 815C683E28A866460041799C /* ContentView.swift */; };
		815C684128A866490041799C /* Assets.xcassets in Resources */ = {isa = PBXBuildFile; fileRef = 815C684028A866490041799C /* Assets.xcassets */; };
		815C684428A866490041799C /* Preview Assets.xcassets in Resources */ = {isa = PBXBuildFile; fileRef = 815C684328A866490041799C /* Preview Assets.xcassets */; };
		815C684B28A86A800041799C /* car_list.json in Resources */ = {isa = PBXBuildFile; fileRef = 815C684A28A86A800041799C /* car_list.json */; };
		815C684E28A86B5A0041799C /* CardView.swift in Sources */ = {isa = PBXBuildFile; fileRef = 815C684D28A86B5A0041799C /* CardView.swift */; };
		815C685228A86F600041799C /* Bundle-Decoder.swift in Sources */ = {isa = PBXBuildFile; fileRef = 815C685128A86F600041799C /* Bundle-Decoder.swift */; };
		815C685928A886070041799C /* StarRatingView.swift in Sources */ = {isa = PBXBuildFile; fileRef = 815C685828A886070041799C /* StarRatingView.swift */; };
		819900D728ACDBF4002768F5 /* Car.swift in Sources */ = {isa = PBXBuildFile; fileRef = 819900D628ACDBF4002768F5 /* Car.swift */; };
/* End PBXBuildFile section */

/* Begin PBXFileReference section */
		815C683928A866460041799C /* CarListingApp.app */ = {isa = PBXFileReference; explicitFileType = wrapper.application; includeInIndex = 0; path = CarListingApp.app; sourceTree = BUILT_PRODUCTS_DIR; };
		815C683C28A866460041799C /* CarListingAppApp.swift */ = {isa = PBXFileReference; lastKnownFileType = sourcecode.swift; path = CarListingAppApp.swift; sourceTree = "<group>"; };
		815C683E28A866460041799C /* ContentView.swift */ = {isa = PBXFileReference; lastKnownFileType = sourcecode.swift; path = ContentView.swift; sourceTree = "<group>"; };
		815C684028A866490041799C /* Assets.xcassets */ = {isa = PBXFileReference; lastKnownFileType = folder.assetcatalog; path = Assets.xcassets; sourceTree = "<group>"; };
		815C684328A866490041799C /* Preview Assets.xcassets */ = {isa = PBXFileReference; lastKnownFileType = folder.assetcatalog; path = "Preview Assets.xcassets"; sourceTree = "<group>"; };
		815C684A28A86A800041799C /* car_list.json */ = {isa = PBXFileReference; fileEncoding = 4; lastKnownFileType = text.json; path = car_list.json; sourceTree = "<group>"; };
		815C684D28A86B5A0041799C /* CardView.swift */ = {isa = PBXFileReference; lastKnownFileType = sourcecode.swift; path = CardView.swift; sourceTree = "<group>"; };
		815C685128A86F600041799C /* Bundle-Decoder.swift */ = {isa = PBXFileReference; lastKnownFileType = sourcecode.swift; path = "Bundle-Decoder.swift"; sourceTree = "<group>"; };
		815C685828A886070041799C /* StarRatingView.swift */ = {isa = PBXFileReference; lastKnownFileType = sourcecode.swift; path = StarRatingView.swift; sourceTree = "<group>"; };
		819900D628ACDBF4002768F5 /* Car.swift */ = {isa = PBXFileReference; lastKnownFileType = sourcecode.swift; path = Car.swift; sourceTree = "<group>"; };
/* End PBXFileReference section */

/* Begin PBXFrameworksBuildPhase section */
		815C683628A866460041799C /* Frameworks */ = {
			isa = PBXFrameworksBuildPhase;
			buildActionMask = 2147483647;
			files = (
			);
			runOnlyForDeploymentPostprocessing = 0;
		};
/* End PBXFrameworksBuildPhase section */

/* Begin PBXGroup section */
		815C683028A866460041799C = {
			isa = PBXGroup;
			children = (
				815C683B28A866460041799C /* CarListingApp */,
				815C683A28A866460041799C /* Products */,
			);
			sourceTree = "<group>";
		};
		815C683A28A866460041799C /* Products */ = {
			isa = PBXGroup;
			children = (
				815C683928A866460041799C /* CarListingApp.app */,
			);
			name = Products;
			sourceTree = "<group>";
		};
		815C683B28A866460041799C /* CarListingApp */ = {
			isa = PBXGroup;
			children = (
				819900D528ACDBE7002768F5 /* Model */,
				815C685A28A887F50041799C /* Components */,
				815C685328A86F970041799C /* Extension */,
				815C684C28A86AEB0041799C /* Data */,
				815C683C28A866460041799C /* CarListingAppApp.swift */,
				815C683E28A866460041799C /* ContentView.swift */,
				815C684028A866490041799C /* Assets.xcassets */,
				815C684228A866490041799C /* Preview Content */,
			);
			path = CarListingApp;
			sourceTree = "<group>";
		};
		815C684228A866490041799C /* Preview Content */ = {
			isa = PBXGroup;
			children = (
				815C684328A866490041799C /* Preview Assets.xcassets */,
			);
			path = "Preview Content";
			sourceTree = "<group>";
		};
		815C684C28A86AEB0041799C /* Data */ = {
			isa = PBXGroup;
			children = (
				815C684A28A86A800041799C /* car_list.json */,
			);
			path = Data;
			sourceTree = "<group>";
		};
		815C685328A86F970041799C /* Extension */ = {
			isa = PBXGroup;
			children = (
				815C685128A86F600041799C /* Bundle-Decoder.swift */,
			);
			path = Extension;
			sourceTree = "<group>";
		};
		815C685A28A887F50041799C /* Components */ = {
			isa = PBXGroup;
			children = (
				815C684D28A86B5A0041799C /* CardView.swift */,
				815C685828A886070041799C /* StarRatingView.swift */,
			);
			path = Components;
			sourceTree = "<group>";
		};
		819900D528ACDBE7002768F5 /* Model */ = {
			isa = PBXGroup;
			children = (
				819900D628ACDBF4002768F5 /* Car.swift */,
			);
			path = Model;
			sourceTree = "<group>";
		};
/* End PBXGroup section */

/* Begin PBXNativeTarget section */
		815C683828A866460041799C /* CarListingApp */ = {
			isa = PBXNativeTarget;
			buildConfigurationList = 815C684728A866490041799C /* Build configuration list for PBXNativeTarget "CarListingApp" */;
			buildPhases = (
				815C683528A866460041799C /* Sources */,
				815C683628A866460041799C /* Frameworks */,
				815C683728A866460041799C /* Resources */,
			);
			buildRules = (
			);
			dependencies = (
			);
			name = CarListingApp;
			productName = CarListingApp;
			productReference = 815C683928A866460041799C /* CarListingApp.app */;
			productType = "com.apple.product-type.application";
		};
/* End PBXNativeTarget section */

/* Begin PBXProject section */
		815C683128A866460041799C /* Project object */ = {
			isa = PBXProject;
			attributes = {
				BuildIndependentTargetsInParallel = 1;
				LastSwiftUpdateCheck = 1340;
				LastUpgradeCheck = 1340;
				TargetAttributes = {
					815C683828A866460041799C = {
						CreatedOnToolsVersion = 13.4.1;
					};
				};
			};
			buildConfigurationList = 815C683428A866460041799C /* Build configuration list for PBXProject "CarListingApp" */;
			compatibilityVersion = "Xcode 13.0";
			developmentRegion = en;
			hasScannedForEncodings = 0;
			knownRegions = (
				en,
				Base,
			);
			mainGroup = 815C683028A866460041799C;
			productRefGroup = 815C683A28A866460041799C /* Products */;
			projectDirPath = "";
			projectRoot = "";
			targets = (
				815C683828A866460041799C /* CarListingApp */,
			);
		};
/* End PBXProject section */

/* Begin PBXResourcesBuildPhase section */
		815C683728A866460041799C /* Resources */ = {
			isa = PBXResourcesBuildPhase;
			buildActionMask = 2147483647;
			files = (
				815C684428A866490041799C /* Preview Assets.xcassets in Resources */,
				815C684B28A86A800041799C /* car_list.json in Resources */,
				815C684128A866490041799C /* Assets.xcassets in Resources */,
			);
			runOnlyForDeploymentPostprocessing = 0;
		};
/* End PBXResourcesBuildPhase section */

/* Begin PBXSourcesBuildPhase section */
		815C683528A866460041799C /* Sources */ = {
			isa = PBXSourcesBuildPhase;
			buildActionMask = 2147483647;
			files = (
				815C683F28A866460041799C /* ContentView.swift in Sources */,
				815C684E28A86B5A0041799C /* CardView.swift in Sources */,
				819900D728ACDBF4002768F5 /* Car.swift in Sources */,
				815C685228A86F600041799C /* Bundle-Decoder.swift in Sources */,
				815C685928A886070041799C /* StarRatingView.swift in Sources */,
				815C683D28A866460041799C /* CarListingAppApp.swift in Sources */,
			);
			runOnlyForDeploymentPostprocessing = 0;
		};
/* End PBXSourcesBuildPhase section */

/* Begin XCBuildConfiguration section */
		815C684528A866490041799C /* Debug */ = {
			isa = XCBuildConfiguration;
			buildSettings = {
				ALWAYS_SEARCH_USER_PATHS = NO;
				CLANG_ANALYZER_NONNULL = YES;
				CLANG_ANALYZER_NUMBER_OBJECT_CONVERSION = YES_AGGRESSIVE;
				CLANG_CXX_LANGUAGE_STANDARD = "gnu++17";
				CLANG_ENABLE_MODULES = YES;
				CLANG_ENABLE_OBJC_ARC = YES;
				CLANG_ENABLE_OBJC_WEAK = YES;
				CLANG_WARN_BLOCK_CAPTURE_AUTORELEASING = YES;
				CLANG_WARN_BOOL_CONVERSION = YES;
				CLANG_WARN_COMMA = YES;
				CLANG_WARN_CONSTANT_CONVERSION = YES;
				CLANG_WARN_DEPRECATED_OBJC_IMPLEMENTATIONS = YES;
				CLANG_WARN_DIRECT_OBJC_ISA_USAGE = YES_ERROR;
				CLANG_WARN_DOCUMENTATION_COMMENTS = YES;
				CLANG_WARN_EMPTY_BODY = YES;
				CLANG_WARN_ENUM_CONVERSION = YES;
				CLANG_WARN_INFINITE_RECURSION = YES;
				CLANG_WARN_INT_CONVERSION = YES;
				CLANG_WARN_NON_LITERAL_NULL_CONVERSION = YES;
				CLANG_WARN_OBJC_IMPLICIT_RETAIN_SELF = YES;
				CLANG_WARN_OBJC_LITERAL_CONVERSION = YES;
				CLANG_WARN_OBJC_ROOT_CLASS = YES_ERROR;
				CLANG_WARN_QUOTED_INCLUDE_IN_FRAMEWORK_HEADER = YES;
				CLANG_WARN_RANGE_LOOP_ANALYSIS = YES;
				CLANG_WARN_STRICT_PROTOTYPES = YES;
				CLANG_WARN_SUSPICIOUS_MOVE = YES;
				CLANG_WARN_UNGUARDED_AVAILABILITY = YES_AGGRESSIVE;
				CLANG_WARN_UNREACHABLE_CODE = YES;
				CLANG_WARN__DUPLICATE_METHOD_MATCH = YES;
				COPY_PHASE_STRIP = NO;
				DEBUG_INFORMATION_FORMAT = dwarf;
				ENABLE_STRICT_OBJC_MSGSEND = YES;
				ENABLE_TESTABILITY = YES;
				GCC_C_LANGUAGE_STANDARD = gnu11;
				GCC_DYNAMIC_NO_PIC = NO;
				GCC_NO_COMMON_BLOCKS = YES;
				GCC_OPTIMIZATION_LEVEL = 0;
				GCC_PREPROCESSOR_DEFINITIONS = (
					"DEBUG=1",
					"$(inherited)",
				);
				GCC_WARN_64_TO_32_BIT_CONVERSION = YES;
				GCC_WARN_ABOUT_RETURN_TYPE = YES_ERROR;
				GCC_WARN_UNDECLARED_SELECTOR = YES;
				GCC_WARN_UNINITIALIZED_AUTOS = YES_AGGRESSIVE;
				GCC_WARN_UNUSED_FUNCTION = YES;
				GCC_WARN_UNUSED_VARIABLE = YES;
				IPHONEOS_DEPLOYMENT_TARGET = 15.5;
				MTL_ENABLE_DEBUG_INFO = INCLUDE_SOURCE;
				MTL_FAST_MATH = YES;
				ONLY_ACTIVE_ARCH = YES;
				SDKROOT = iphoneos;
				SWIFT_ACTIVE_COMPILATION_CONDITIONS = DEBUG;
				SWIFT_OPTIMIZATION_LEVEL = "-Onone";
			};
			name = Debug;
		};
		815C684628A866490041799C /* Release */ = {
			isa = XCBuildConfiguration;
			buildSettings = {
				ALWAYS_SEARCH_USER_PATHS = NO;
				CLANG_ANALYZER_NONNULL = YES;
				CLANG_ANALYZER_NUMBER_OBJECT_CONVERSION = YES_AGGRESSIVE;
				CLANG_CXX_LANGUAGE_STANDARD = "gnu++17";
				CLANG_ENABLE_MODULES = YES;
				CLANG_ENABLE_OBJC_ARC = YES;
				CLANG_ENABLE_OBJC_WEAK = YES;
				CLANG_WARN_BLOCK_CAPTURE_AUTORELEASING = YES;
				CLANG_WARN_BOOL_CONVERSION = YES;
				CLANG_WARN_COMMA = YES;
				CLANG_WARN_CONSTANT_CONVERSION = YES;
				CLANG_WARN_DEPRECATED_OBJC_IMPLEMENTATIONS = YES;
				CLANG_WARN_DIRECT_OBJC_ISA_USAGE = YES_ERROR;
				CLANG_WARN_DOCUMENTATION_COMMENTS = YES;
				CLANG_WARN_EMPTY_BODY = YES;
				CLANG_WARN_ENUM_CONVERSION = YES;
				CLANG_WARN_INFINITE_RECURSION = YES;
				CLANG_WARN_INT_CONVERSION = YES;
				CLANG_WARN_NON_LITERAL_NULL_CONVERSION = YES;
				CLANG_WARN_OBJC_IMPLICIT_RETAIN_SELF = YES;
				CLANG_WARN_OBJC_LITERAL_CONVERSION = YES;
				CLANG_WARN_OBJC_ROOT_CLASS = YES_ERROR;
				CLANG_WARN_QUOTED_INCLUDE_IN_FRAMEWORK_HEADER = YES;
				CLANG_WARN_RANGE_LOOP_ANALYSIS = YES;
				CLANG_WARN_STRICT_PROTOTYPES = YES;
				CLANG_WARN_SUSPICIOUS_MOVE = YES;
				CLANG_WARN_UNGUARDED_AVAILABILITY = YES_AGGRESSIVE;
				CLANG_WARN_UNREACHABLE_CODE = YES;
				CLANG_WARN__DUPLICATE_METHOD_MATCH = YES;
				COPY_PHASE_STRIP = NO;
				DEBUG_INFORMATION_FORMAT = "dwarf-with-dsym";
				ENABLE_NS_ASSERTIONS = NO;
				ENABLE_STRICT_OBJC_MSGSEND = YES;
				GCC_C_LANGUAGE_STANDARD = gnu11;
				GCC_NO_COMMON_BLOCKS = YES;
				GCC_WARN_64_TO_32_BIT_CONVERSION = YES;
				GCC_WARN_ABOUT_RETURN_TYPE = YES_ERROR;
				GCC_WARN_UNDECLARED_SELECTOR = YES;
				GCC_WARN_UNINITIALIZED_AUTOS = YES_AGGRESSIVE;
				GCC_WARN_UNUSED_FUNCTION = YES;
				GCC_WARN_UNUSED_VARIABLE = YES;
				IPHONEOS_DEPLOYMENT_TARGET = 15.5;
				MTL_ENABLE_DEBUG_INFO = NO;
				MTL_FAST_MATH = YES;
				SDKROOT = iphoneos;
				SWIFT_COMPILATION_MODE = wholemodule;
				SWIFT_OPTIMIZATION_LEVEL = "-O";
				VALIDATE_PRODUCT = YES;
			};
			name = Release;
		};
		815C684828A866490041799C /* Debug */ = {
			isa = XCBuildConfiguration;
			buildSettings = {
				ASSETCATALOG_COMPILER_APPICON_NAME = AppIcon;
				ASSETCATALOG_COMPILER_GLOBAL_ACCENT_COLOR_NAME = AccentColor;
				CODE_SIGN_STYLE = Automatic;
				CURRENT_PROJECT_VERSION = 1;
				DEVELOPMENT_ASSET_PATHS = "\"CarListingApp/Preview Content\"";
				DEVELOPMENT_TEAM = LF2D6N5238;
				ENABLE_PREVIEWS = YES;
				GENERATE_INFOPLIST_FILE = YES;
				INFOPLIST_KEY_UIApplicationSceneManifest_Generation = YES;
				INFOPLIST_KEY_UIApplicationSupportsIndirectInputEvents = YES;
				INFOPLIST_KEY_UILaunchScreen_Generation = YES;
				INFOPLIST_KEY_UISupportedInterfaceOrientations_iPad = "UIInterfaceOrientationPortrait UIInterfaceOrientationPortraitUpsideDown UIInterfaceOrientationLandscapeLeft UIInterfaceOrientationLandscapeRight";
				INFOPLIST_KEY_UISupportedInterfaceOrientations_iPhone = "UIInterfaceOrientationPortrait UIInterfaceOrientationLandscapeLeft UIInterfaceOrientationLandscapeRight";
				LD_RUNPATH_SEARCH_PATHS = (
					"$(inherited)",
					"@executable_path/Frameworks",
				);
				MARKETING_VERSION = 1.0;
				PRODUCT_BUNDLE_IDENTIFIER = au.com.logandoughty.CarListingApp;
				PRODUCT_NAME = "$(TARGET_NAME)";
				SWIFT_EMIT_LOC_STRINGS = YES;
				SWIFT_VERSION = 5.0;
				TARGETED_DEVICE_FAMILY = "1,2";
			};
			name = Debug;
		};
		815C684928A866490041799C /* Release */ = {
			isa = XCBuildConfiguration;
			buildSettings = {
				ASSETCATALOG_COMPILER_APPICON_NAME = AppIcon;
				ASSETCATALOG_COMPILER_GLOBAL_ACCENT_COLOR_NAME = AccentColor;
				CODE_SIGN_STYLE = Automatic;
				CURRENT_PROJECT_VERSION = 1;
				DEVELOPMENT_ASSET_PATHS = "\"CarListingApp/Preview Content\"";
				DEVELOPMENT_TEAM = LF2D6N5238;
				ENABLE_PREVIEWS = YES;
				GENERATE_INFOPLIST_FILE = YES;
				INFOPLIST_KEY_UIApplicationSceneManifest_Generation = YES;
				INFOPLIST_KEY_UIApplicationSupportsIndirectInputEvents = YES;
				INFOPLIST_KEY_UILaunchScreen_Generation = YES;
				INFOPLIST_KEY_UISupportedInterfaceOrientations_iPad = "UIInterfaceOrientationPortrait UIInterfaceOrientationPortraitUpsideDown UIInterfaceOrientationLandscapeLeft UIInterfaceOrientationLandscapeRight";
				INFOPLIST_KEY_UISupportedInterfaceOrientations_iPhone = "UIInterfaceOrientationPortrait UIInterfaceOrientationLandscapeLeft UIInterfaceOrientationLandscapeRight";
				LD_RUNPATH_SEARCH_PATHS = (
					"$(inherited)",
					"@executable_path/Frameworks",
				);
				MARKETING_VERSION = 1.0;
				PRODUCT_BUNDLE_IDENTIFIER = au.com.logandoughty.CarListingApp;
				PRODUCT_NAME = "$(TARGET_NAME)";
				SWIFT_EMIT_LOC_STRINGS = YES;
				SWIFT_VERSION = 5.0;
				TARGETED_DEVICE_FAMILY = "1,2";
			};
			name = Release;
		};
/* End XCBuildConfiguration section */

/* Begin XCConfigurationList section */
		815C683428A866460041799C /* Build configuration list for PBXProject "CarListingApp" */ = {
			isa = XCConfigurationList;
			buildConfigurations = (
				815C684528A866490041799C /* Debug */,
				815C684628A866490041799C /* Release */,
			);
			defaultConfigurationIsVisible = 0;
			defaultConfigurationName = Release;
		};
		815C684728A866490041799C /* Build configuration list for PBXNativeTarget "CarListingApp" */ = {
			isa = XCConfigurationList;
			buildConfigurations = (
				815C684828A866490041799C /* Debug */,
				815C684928A866490041799C /* Release */,
			);
			defaultConfigurationIsVisible = 0;
			defaultConfigurationName = Release;
		};
/* End XCConfigurationList section */
	};
	rootObject = 815C683128A866460041799C /* Project object */;
}
